
Microsoft Visual Studio Solution File, Format Version 12.00
# Visual Studio Version 16
VisualStudioVersion = 16.0.30804.86
MinimumVisualStudioVersion = 10.0.40219.1
Project("{FAE04EC0-301F-11D3-BF4B-00C04F79EFBC}") = "MvvmBase.Core", "MvvmBase.Core\MvvmBase.Core.csproj", "{F2CF9D0C-2068-4B33-A260-7801E8675342}"
EndProject
Project("{FAE04EC0-301F-11D3-BF4B-00C04F79EFBC}") = "MvvmBase.Demo", "MvvmBase.Demo\MvvmBase.Demo.csproj", "{B43B5976-B71A-4A27-82E1-FDBEAF3BAEA1}"
EndProject
Project("{FAE04EC0-301F-11D3-BF4B-00C04F79EFBC}") = "MvvmBase.Core.Tests", "MvvmBase.Core.Tests\MvvmBase.Core.Tests.csproj", "{0E67E093-297D-4496-AF6E-514E7FB2BF4E}"
EndProject
Global
	GlobalSection(SolutionConfigurationPlatforms) = preSolution
		Debug|Any CPU = Debug|Any CPU
		Release|Any CPU = Release|Any CPU
	EndGlobalSection
	GlobalSection(ProjectConfigurationPlatforms) = postSolution
		{F2CF9D0C-2068-4B33-A260-7801E8675342}.Debug|Any CPU.ActiveCfg = Debug|Any CPU
		{F2CF9D0C-2068-4B33-A260-7801E8675342}.Debug|Any CPU.Build.0 = Debug|Any CPU
		{F2CF9D0C-2068-4B33-A260-7801E8675342}.Release|Any CPU.ActiveCfg = Release|Any CPU
		{F2CF9D0C-2068-4B33-A260-7801E8675342}.Release|Any CPU.Build.0 = Release|Any CPU
		{B43B5976-B71A-4A27-82E1-FDBEAF3BAEA1}.Debug|Any CPU.ActiveCfg = Debug|Any CPU
		{B43B5976-B71A-4A27-82E1-FDBEAF3BAEA1}.Debug|Any CPU.Build.0 = Debug|Any CPU
		{B43B5976-B71A-4A27-82E1-FDBEAF3BAEA1}.Release|Any CPU.ActiveCfg = Release|Any CPU
		{B43B5976-B71A-4A27-82E1-FDBEAF3BAEA1}.Release|Any CPU.Build.0 = Release|Any CPU
		{0E67E093-297D-4496-AF6E-514E7FB2BF4E}.Debug|Any CPU.ActiveCfg = Debug|Any CPU
		{0E67E093-297D-4496-AF6E-514E7FB2BF4E}.Debug|Any CPU.Build.0 = Debug|Any CPU
		{0E67E093-297D-4496-AF6E-514E7FB2BF4E}.Release|Any CPU.ActiveCfg = Release|Any CPU
		{0E67E093-297D-4496-AF6E-514E7FB2BF4E}.Release|Any CPU.Build.0 = Release|Any CPU
	EndGlobalSection
	GlobalSection(SolutionProperties) = preSolution
		HideSolutionNode = FALSE
	EndGlobalSection
	GlobalSection(ExtensibilityGlobals) = postSolution
		SolutionGuid = {BBE2D449-63C4-40A8-A075-C3A88C17DEB5}
	EndGlobalSection
EndGlobal
